
Microsoft Visual Studio Solution File, Format Version 12.00
# Visual Studio Version 17
VisualStudioVersion = 17.5.002.0
MinimumVisualStudioVersion = 10.0.40219.1
Project("{9A19103F-16F7-4668-BE54-9A1E7A4F7556}") = "TaskAdmin", "TaskAdmin.csproj", "{CE10DD32-C61C-4C20-A4B6-3FB1FC704419}"
EndProject
Global
	GlobalSection(SolutionConfigurationPlatforms) = preSolution
		Debug|Any CPU = Debug|Any CPU
		Release|Any CPU = Release|Any CPU
	EndGlobalSection
	GlobalSection(ProjectConfigurationPlatforms) = postSolution
		{CE10DD32-C61C-4C20-A4B6-3FB1FC704419}.Debug|Any CPU.ActiveCfg = Debug|Any CPU
		{CE10DD32-C61C-4C20-A4B6-3FB1FC704419}.Debug|Any CPU.Build.0 = Debug|Any CPU
		{CE10DD32-C61C-4C20-A4B6-3FB1FC704419}.Release|Any CPU.ActiveCfg = Release|Any CPU
		{CE10DD32-C61C-4C20-A4B6-3FB1FC704419}.Release|Any CPU.Build.0 = Release|Any CPU
	EndGlobalSection
	GlobalSection(SolutionProperties) = preSolution
		HideSolutionNode = FALSE
	EndGlobalSection
	GlobalSection(ExtensibilityGlobals) = postSolution
		SolutionGuid = {C4240647-7CF3-49B9-BAAD-FD79E2238AE5}
	EndGlobalSection
EndGlobal
